
Microsoft Visual Studio Solution File, Format Version 12.00
# Visual Studio 15
VisualStudioVersion = 15.0.28307.136
MinimumVisualStudioVersion = 10.0.40219.1
Project("{9A19103F-16F7-4668-BE54-9A1E7A4F7556}") = "HentaiAPI", "HentaiAPI\HentaiAPI.csproj", "{F25AFF9C-12CD-4BFE-A3E7-0D3BEC3B0B28}"
EndProject
Project("{FAE04EC0-301F-11D3-BF4B-00C04F79EFBC}") = "HentaiAPI.Tests", "HentaiAPI.Tests\HentaiAPI.Tests.csproj", "{8C6AA38D-AA5B-4842-AAD5-5E0BE4FADE39}"
EndProject
Global
	GlobalSection(SolutionConfigurationPlatforms) = preSolution
		Debug|Any CPU = Debug|Any CPU
		Release|Any CPU = Release|Any CPU
	EndGlobalSection
	GlobalSection(ProjectConfigurationPlatforms) = postSolution
		{F25AFF9C-12CD-4BFE-A3E7-0D3BEC3B0B28}.Debug|Any CPU.ActiveCfg = Debug|Any CPU
		{F25AFF9C-12CD-4BFE-A3E7-0D3BEC3B0B28}.Debug|Any CPU.Build.0 = Debug|Any CPU
		{F25AFF9C-12CD-4BFE-A3E7-0D3BEC3B0B28}.Release|Any CPU.ActiveCfg = Release|Any CPU
		{F25AFF9C-12CD-4BFE-A3E7-0D3BEC3B0B28}.Release|Any CPU.Build.0 = Release|Any CPU
		{8C6AA38D-AA5B-4842-AAD5-5E0BE4FADE39}.Debug|Any CPU.ActiveCfg = Debug|Any CPU
		{8C6AA38D-AA5B-4842-AAD5-5E0BE4FADE39}.Debug|Any CPU.Build.0 = Debug|Any CPU
		{8C6AA38D-AA5B-4842-AAD5-5E0BE4FADE39}.Release|Any CPU.ActiveCfg = Release|Any CPU
		{8C6AA38D-AA5B-4842-AAD5-5E0BE4FADE39}.Release|Any CPU.Build.0 = Release|Any CPU
	EndGlobalSection
	GlobalSection(SolutionProperties) = preSolution
		HideSolutionNode = FALSE
	EndGlobalSection
	GlobalSection(ExtensibilityGlobals) = postSolution
		SolutionGuid = {71420EA2-7A38-4BD5-922C-A2A0E441AF50}
	EndGlobalSection
EndGlobal
